
Microsoft Visual Studio Solution File, Format Version 12.00
# Visual Studio Version 16
VisualStudioVersion = 16.0.30204.135
MinimumVisualStudioVersion = 10.0.40219.1
Project("{FAE04EC0-301F-11D3-BF4B-00C04F79EFBC}") = "Nursery", "Nursery\Nursery.csproj", "{7E536FC7-F3AD-4297-AA74-D09744A99E54}"
EndProject
Global
	GlobalSection(SolutionConfigurationPlatforms) = preSolution
		Debug|Any CPU = Debug|Any CPU
		Release|Any CPU = Release|Any CPU
	EndGlobalSection
	GlobalSection(ProjectConfigurationPlatforms) = postSolution
		{7E536FC7-F3AD-4297-AA74-D09744A99E54}.Debug|Any CPU.ActiveCfg = Debug|Any CPU
		{7E536FC7-F3AD-4297-AA74-D09744A99E54}.Debug|Any CPU.Build.0 = Debug|Any CPU
		{7E536FC7-F3AD-4297-AA74-D09744A99E54}.Release|Any CPU.ActiveCfg = Release|Any CPU
		{7E536FC7-F3AD-4297-AA74-D09744A99E54}.Release|Any CPU.Build.0 = Release|Any CPU
	EndGlobalSection
	GlobalSection(SolutionProperties) = preSolution
		HideSolutionNode = FALSE
	EndGlobalSection
	GlobalSection(ExtensibilityGlobals) = postSolution
		SolutionGuid = {E2143ADB-3155-4505-9E68-D70969887C3C}
	EndGlobalSection
EndGlobal
